
Microsoft Visual Studio Solution File, Format Version 12.00
Project("{FAE04EC0-301F-11D3-BF4B-00C04F79EFBC}") = "Loans.Api", "Loans.Api\Loans.Api.csproj", "{653AB326-0212-4852-9D0D-8846B842556C}"
EndProject
Project("{2150E333-8FDC-42A3-9474-1A3956D46DE8}") = "Microservices", "Microservices", "{3457B775-1401-49E4-8144-A70FEB8162FC}"
EndProject
Project("{2150E333-8FDC-42A3-9474-1A3956D46DE8}") = "Materials", "Materials", "{C400DC12-4345-4B7C-8B38-259D3DE7E8E2}"
EndProject
Project("{FAE04EC0-301F-11D3-BF4B-00C04F79EFBC}") = "Prestamos.Materials.Domain", "Microservices\Materials\Prestamos.Materials.Domain\Prestamos.Materials.Domain.csproj", "{C6F69DA3-7D1B-4244-B783-E4D0DDF04863}"
EndProject
Project("{FAE04EC0-301F-11D3-BF4B-00C04F79EFBC}") = "Prestamos.Materials.Contracts", "Microservices\Materials\Prestamos.Materials.Contracts\Prestamos.Materials.Contracts.csproj", "{577441AB-5766-4236-B14B-AB5534D16BC5}"
EndProject
Project("{FAE04EC0-301F-11D3-BF4B-00C04F79EFBC}") = "Prestamos.Materials.Application", "Microservices\Materials\Prestamos.Materials.Application\Prestamos.Materials.Application.csproj", "{66EC4BEC-4759-48D3-B31C-EA65B43CE9D6}"
EndProject
Project("{FAE04EC0-301F-11D3-BF4B-00C04F79EFBC}") = "Prestamos.Materials.Persistence", "Microservices\Materials\Prestamos.Materials.Persistence\Prestamos.Materials.Persistence.csproj", "{9F2D7F4B-DE91-43BA-A9D2-623F2EEAD64E}"
EndProject
Project("{2150E333-8FDC-42A3-9474-1A3956D46DE8}") = "Tests", "Tests", "{7754F642-BF3E-4F38-B8F9-B4BBCDFF15BB}"
EndProject
Project("{2150E333-8FDC-42A3-9474-1A3956D46DE8}") = "Materials", "Materials", "{6F829A0F-699A-44F3-B577-C63473136975}"
EndProject
Project("{2150E333-8FDC-42A3-9474-1A3956D46DE8}") = "Users", "Users", "{D367509A-EAF8-4C53-A151-2C26BB97AF84}"
EndProject
Project("{FAE04EC0-301F-11D3-BF4B-00C04F79EFBC}") = "Prestamos.Users.Application", "Microservices\Users\Prestamos.Users.Application\Prestamos.Users.Application.csproj", "{93AB706F-41B4-4A2E-B256-C0F125FDF72D}"
EndProject
Project("{FAE04EC0-301F-11D3-BF4B-00C04F79EFBC}") = "Prestamos.Users.Persistence", "Microservices\Users\Prestamos.Users.Persistence\Prestamos.Users.Persistence.csproj", "{1787794F-DDB5-41C2-BFA9-8AAF01DBFB95}"
EndProject
Project("{FAE04EC0-301F-11D3-BF4B-00C04F79EFBC}") = "Prestamos.Users.Domain", "Microservices\Users\Prestamos.Users.Domain\Prestamos.Users.Domain.csproj", "{83674FB2-F245-4E21-A156-9982E0CF390B}"
EndProject
Project("{FAE04EC0-301F-11D3-BF4B-00C04F79EFBC}") = "Prestamos.Users.Application.Contracts", "Microservices\Users\Prestamos.Users.Application.Contracts\Prestamos.Users.Application.Contracts.csproj", "{587E82B7-1CC0-4886-92B5-97A0969FD0B1}"
EndProject
Project("{2150E333-8FDC-42A3-9474-1A3956D46DE8}") = "Loans", "Loans", "{3D0000AC-5054-4486-9D71-14C484C5971A}"
EndProject
Project("{FAE04EC0-301F-11D3-BF4B-00C04F79EFBC}") = "Prestamos.Loans.Application", "Microservices\Loans\Prestamos.Loans.Application\Prestamos.Loans.Application.csproj", "{81514FCA-6E5F-4D40-BE53-7AA46C86EAB4}"
EndProject
Project("{FAE04EC0-301F-11D3-BF4B-00C04F79EFBC}") = "Prestamos.Loans.Domain", "Microservices\Loans\Prestamos.Loans.Domain\Prestamos.Loans.Domain.csproj", "{F8E8FBBC-988F-4278-87BA-12C0ED5E7B86}"
EndProject
Project("{FAE04EC0-301F-11D3-BF4B-00C04F79EFBC}") = "Prestamos.Loans.Persistence", "Microservices\Loans\Prestamos.Loans.Persistence\Prestamos.Loans.Persistence.csproj", "{83963295-C4E0-4939-9BCF-42F4DDF8ADED}"
EndProject
Project("{FAE04EC0-301F-11D3-BF4B-00C04F79EFBC}") = "Prestamos.Loans.Contracts", "Microservices\Loans\Prestamos.Loans.Contracts\Prestamos.Loans.Contracts.csproj", "{7431422C-FB76-45F3-BB67-DE1C8A3EA27A}"
EndProject
Global
	GlobalSection(SolutionConfigurationPlatforms) = preSolution
		Debug|Any CPU = Debug|Any CPU
		Release|Any CPU = Release|Any CPU
	EndGlobalSection
	GlobalSection(ProjectConfigurationPlatforms) = postSolution
		{653AB326-0212-4852-9D0D-8846B842556C}.Debug|Any CPU.ActiveCfg = Debug|Any CPU
		{653AB326-0212-4852-9D0D-8846B842556C}.Debug|Any CPU.Build.0 = Debug|Any CPU
		{653AB326-0212-4852-9D0D-8846B842556C}.Release|Any CPU.ActiveCfg = Release|Any CPU
		{653AB326-0212-4852-9D0D-8846B842556C}.Release|Any CPU.Build.0 = Release|Any CPU
		{C6F69DA3-7D1B-4244-B783-E4D0DDF04863}.Debug|Any CPU.ActiveCfg = Debug|Any CPU
		{C6F69DA3-7D1B-4244-B783-E4D0DDF04863}.Debug|Any CPU.Build.0 = Debug|Any CPU
		{C6F69DA3-7D1B-4244-B783-E4D0DDF04863}.Release|Any CPU.ActiveCfg = Release|Any CPU
		{C6F69DA3-7D1B-4244-B783-E4D0DDF04863}.Release|Any CPU.Build.0 = Release|Any CPU
		{577441AB-5766-4236-B14B-AB5534D16BC5}.Debug|Any CPU.ActiveCfg = Debug|Any CPU
		{577441AB-5766-4236-B14B-AB5534D16BC5}.Debug|Any CPU.Build.0 = Debug|Any CPU
		{577441AB-5766-4236-B14B-AB5534D16BC5}.Release|Any CPU.ActiveCfg = Release|Any CPU
		{577441AB-5766-4236-B14B-AB5534D16BC5}.Release|Any CPU.Build.0 = Release|Any CPU
		{66EC4BEC-4759-48D3-B31C-EA65B43CE9D6}.Debug|Any CPU.ActiveCfg = Debug|Any CPU
		{66EC4BEC-4759-48D3-B31C-EA65B43CE9D6}.Debug|Any CPU.Build.0 = Debug|Any CPU
		{66EC4BEC-4759-48D3-B31C-EA65B43CE9D6}.Release|Any CPU.ActiveCfg = Release|Any CPU
		{66EC4BEC-4759-48D3-B31C-EA65B43CE9D6}.Release|Any CPU.Build.0 = Release|Any CPU
		{9F2D7F4B-DE91-43BA-A9D2-623F2EEAD64E}.Debug|Any CPU.ActiveCfg = Debug|Any CPU
		{9F2D7F4B-DE91-43BA-A9D2-623F2EEAD64E}.Debug|Any CPU.Build.0 = Debug|Any CPU
		{9F2D7F4B-DE91-43BA-A9D2-623F2EEAD64E}.Release|Any CPU.ActiveCfg = Release|Any CPU
		{9F2D7F4B-DE91-43BA-A9D2-623F2EEAD64E}.Release|Any CPU.Build.0 = Release|Any CPU
		{93AB706F-41B4-4A2E-B256-C0F125FDF72D}.Debug|Any CPU.ActiveCfg = Debug|Any CPU
		{93AB706F-41B4-4A2E-B256-C0F125FDF72D}.Debug|Any CPU.Build.0 = Debug|Any CPU
		{93AB706F-41B4-4A2E-B256-C0F125FDF72D}.Release|Any CPU.ActiveCfg = Release|Any CPU
		{93AB706F-41B4-4A2E-B256-C0F125FDF72D}.Release|Any CPU.Build.0 = Release|Any CPU
		{1787794F-DDB5-41C2-BFA9-8AAF01DBFB95}.Debug|Any CPU.ActiveCfg = Debug|Any CPU
		{1787794F-DDB5-41C2-BFA9-8AAF01DBFB95}.Debug|Any CPU.Build.0 = Debug|Any CPU
		{1787794F-DDB5-41C2-BFA9-8AAF01DBFB95}.Release|Any CPU.ActiveCfg = Release|Any CPU
		{1787794F-DDB5-41C2-BFA9-8AAF01DBFB95}.Release|Any CPU.Build.0 = Release|Any CPU
		{83674FB2-F245-4E21-A156-9982E0CF390B}.Debug|Any CPU.ActiveCfg = Debug|Any CPU
		{83674FB2-F245-4E21-A156-9982E0CF390B}.Debug|Any CPU.Build.0 = Debug|Any CPU
		{83674FB2-F245-4E21-A156-9982E0CF390B}.Release|Any CPU.ActiveCfg = Release|Any CPU
		{83674FB2-F245-4E21-A156-9982E0CF390B}.Release|Any CPU.Build.0 = Release|Any CPU
		{587E82B7-1CC0-4886-92B5-97A0969FD0B1}.Debug|Any CPU.ActiveCfg = Debug|Any CPU
		{587E82B7-1CC0-4886-92B5-97A0969FD0B1}.Debug|Any CPU.Build.0 = Debug|Any CPU
		{587E82B7-1CC0-4886-92B5-97A0969FD0B1}.Release|Any CPU.ActiveCfg = Release|Any CPU
		{587E82B7-1CC0-4886-92B5-97A0969FD0B1}.Release|Any CPU.Build.0 = Release|Any CPU
		{81514FCA-6E5F-4D40-BE53-7AA46C86EAB4}.Debug|Any CPU.ActiveCfg = Debug|Any CPU
		{81514FCA-6E5F-4D40-BE53-7AA46C86EAB4}.Debug|Any CPU.Build.0 = Debug|Any CPU
		{81514FCA-6E5F-4D40-BE53-7AA46C86EAB4}.Release|Any CPU.ActiveCfg = Release|Any CPU
		{81514FCA-6E5F-4D40-BE53-7AA46C86EAB4}.Release|Any CPU.Build.0 = Release|Any CPU
		{F8E8FBBC-988F-4278-87BA-12C0ED5E7B86}.Debug|Any CPU.ActiveCfg = Debug|Any CPU
		{F8E8FBBC-988F-4278-87BA-12C0ED5E7B86}.Debug|Any CPU.Build.0 = Debug|Any CPU
		{F8E8FBBC-988F-4278-87BA-12C0ED5E7B86}.Release|Any CPU.ActiveCfg = Release|Any CPU
		{F8E8FBBC-988F-4278-87BA-12C0ED5E7B86}.Release|Any CPU.Build.0 = Release|Any CPU
		{83963295-C4E0-4939-9BCF-42F4DDF8ADED}.Debug|Any CPU.ActiveCfg = Debug|Any CPU
		{83963295-C4E0-4939-9BCF-42F4DDF8ADED}.Debug|Any CPU.Build.0 = Debug|Any CPU
		{83963295-C4E0-4939-9BCF-42F4DDF8ADED}.Release|Any CPU.ActiveCfg = Release|Any CPU
		{83963295-C4E0-4939-9BCF-42F4DDF8ADED}.Release|Any CPU.Build.0 = Release|Any CPU
		{7431422C-FB76-45F3-BB67-DE1C8A3EA27A}.Debug|Any CPU.ActiveCfg = Debug|Any CPU
		{7431422C-FB76-45F3-BB67-DE1C8A3EA27A}.Debug|Any CPU.Build.0 = Debug|Any CPU
		{7431422C-FB76-45F3-BB67-DE1C8A3EA27A}.Release|Any CPU.ActiveCfg = Release|Any CPU
		{7431422C-FB76-45F3-BB67-DE1C8A3EA27A}.Release|Any CPU.Build.0 = Release|Any CPU
	EndGlobalSection
	GlobalSection(NestedProjects) = preSolution
		{C400DC12-4345-4B7C-8B38-259D3DE7E8E2} = {3457B775-1401-49E4-8144-A70FEB8162FC}
		{C6F69DA3-7D1B-4244-B783-E4D0DDF04863} = {C400DC12-4345-4B7C-8B38-259D3DE7E8E2}
		{577441AB-5766-4236-B14B-AB5534D16BC5} = {C400DC12-4345-4B7C-8B38-259D3DE7E8E2}
		{66EC4BEC-4759-48D3-B31C-EA65B43CE9D6} = {C400DC12-4345-4B7C-8B38-259D3DE7E8E2}
		{9F2D7F4B-DE91-43BA-A9D2-623F2EEAD64E} = {C400DC12-4345-4B7C-8B38-259D3DE7E8E2}
		{6F829A0F-699A-44F3-B577-C63473136975} = {7754F642-BF3E-4F38-B8F9-B4BBCDFF15BB}
		{D367509A-EAF8-4C53-A151-2C26BB97AF84} = {3457B775-1401-49E4-8144-A70FEB8162FC}
		{93AB706F-41B4-4A2E-B256-C0F125FDF72D} = {D367509A-EAF8-4C53-A151-2C26BB97AF84}
		{1787794F-DDB5-41C2-BFA9-8AAF01DBFB95} = {D367509A-EAF8-4C53-A151-2C26BB97AF84}
		{83674FB2-F245-4E21-A156-9982E0CF390B} = {D367509A-EAF8-4C53-A151-2C26BB97AF84}
		{587E82B7-1CC0-4886-92B5-97A0969FD0B1} = {D367509A-EAF8-4C53-A151-2C26BB97AF84}
		{3D0000AC-5054-4486-9D71-14C484C5971A} = {3457B775-1401-49E4-8144-A70FEB8162FC}
		{81514FCA-6E5F-4D40-BE53-7AA46C86EAB4} = {3D0000AC-5054-4486-9D71-14C484C5971A}
		{F8E8FBBC-988F-4278-87BA-12C0ED5E7B86} = {3D0000AC-5054-4486-9D71-14C484C5971A}
		{83963295-C4E0-4939-9BCF-42F4DDF8ADED} = {3D0000AC-5054-4486-9D71-14C484C5971A}
		{7431422C-FB76-45F3-BB67-DE1C8A3EA27A} = {3D0000AC-5054-4486-9D71-14C484C5971A}
	EndGlobalSection
EndGlobal
